
Microsoft Visual Studio Solution File, Format Version 12.00
# Visual Studio Version 16
VisualStudioVersion = 16.0.28729.10
MinimumVisualStudioVersion = 10.0.40219.1
Project("{9A19103F-16F7-4668-BE54-9A1E7A4F7556}") = "UsersRestApi", "UsersRestApi\UsersRestApi.csproj", "{FEFE0582-30E6-48A3-A1E5-404BF90E65ED}"
EndProject
Project("{2150E333-8FDC-42A3-9474-1A3956D46DE8}") = "Solution Items", "Solution Items", "{42657D67-48BD-48B1-9211-96CC1C093248}"
	ProjectSection(SolutionItems) = preProject
		README.md = README.md
	EndProjectSection
EndProject
Project("{FAE04EC0-301F-11D3-BF4B-00C04F79EFBC}") = "UsersRestApi.Test", "UsersRestApi.Test\UsersRestApi.Test.csproj", "{19E838AE-77A8-4BFF-8FCE-FFDA103FC99B}"
EndProject
Global
	GlobalSection(SolutionConfigurationPlatforms) = preSolution
		Debug|Any CPU = Debug|Any CPU
		Release|Any CPU = Release|Any CPU
	EndGlobalSection
	GlobalSection(ProjectConfigurationPlatforms) = postSolution
		{FEFE0582-30E6-48A3-A1E5-404BF90E65ED}.Debug|Any CPU.ActiveCfg = Debug|Any CPU
		{FEFE0582-30E6-48A3-A1E5-404BF90E65ED}.Debug|Any CPU.Build.0 = Debug|Any CPU
		{FEFE0582-30E6-48A3-A1E5-404BF90E65ED}.Release|Any CPU.ActiveCfg = Release|Any CPU
		{FEFE0582-30E6-48A3-A1E5-404BF90E65ED}.Release|Any CPU.Build.0 = Release|Any CPU
		{19E838AE-77A8-4BFF-8FCE-FFDA103FC99B}.Debug|Any CPU.ActiveCfg = Debug|Any CPU
		{19E838AE-77A8-4BFF-8FCE-FFDA103FC99B}.Debug|Any CPU.Build.0 = Debug|Any CPU
		{19E838AE-77A8-4BFF-8FCE-FFDA103FC99B}.Release|Any CPU.ActiveCfg = Release|Any CPU
		{19E838AE-77A8-4BFF-8FCE-FFDA103FC99B}.Release|Any CPU.Build.0 = Release|Any CPU
	EndGlobalSection
	GlobalSection(SolutionProperties) = preSolution
		HideSolutionNode = FALSE
	EndGlobalSection
	GlobalSection(ExtensibilityGlobals) = postSolution
		SolutionGuid = {3BF64AC7-F427-407C-B572-CB44F3F61D62}
	EndGlobalSection
EndGlobal
